uuid: 3db969e4-c27c-4d72-8a5d-18797cd0eaf9
langcode: en
status: false
dependencies: {  }
active_version: 429966cebad152ba
versioned_properties:
  active:
    settings:
      default_settings:
        id: local_tasks_block
        label: Tabs
        label_display: '0'
        provider: core
        primary: true
        secondary: true
    fallback_metadata:
      slot_definitions: null
label: Tabs
id: block.local_tasks_block
provider: core
source: block
source_local_id: local_tasks_block
